# @generated - this file is auto-generated by `mise lock` https://mise.en.dev/dev-tools/mise-lock.html

[[tools.dprint]]
version = "0.52.0"
backend = "aqua:dprint/dprint"

[tools.dprint."platforms.linux-arm64"]
checksum = "sha256:e1434b394718b63d560ecaf36c748e91f06c49fe4b09ffc8c6b6e0e6833d0900"
url = "https://github.com/dprint/dprint/releases/download/0.52.0/dprint-aarch64-unknown-linux-musl.zip"

[tools.dprint."platforms.linux-x64"]
checksum = "sha256:ff86d0b9dc28183e111e7cd7d4101fdc4e1b9be0fb84bd08f3b9a41688010aa1"
url = "https://github.com/dprint/dprint/releases/download/0.52.0/dprint-x86_64-unknown-linux-musl.zip"

[tools.dprint."platforms.macos-arm64"]
checksum = "sha256:bb3a5be1444fcfaf2f405cbf8af7da809d055705a2ca17bd2e7edff6f2959354"
url = "https://github.com/dprint/dprint/releases/download/0.52.0/dprint-aarch64-apple-darwin.zip"

[tools.dprint."platforms.macos-x64"]
checksum = "sha256:aa42a8ce7f84393c601f16bfd57e2425ccfa3b68f06d62162aa73888fd38bc75"
url = "https://github.com/dprint/dprint/releases/download/0.52.0/dprint-x86_64-apple-darwin.zip"

[tools.dprint."platforms.windows-x64"]
checksum = "sha256:bbb22a19022e104b27f28426bb984fee3733294b67b3c6bbb3a8ebed1e0c1cb2"
url = "https://github.com/dprint/dprint/releases/download/0.52.0/dprint-x86_64-pc-windows-msvc.zip"

[[tools.markdownlint-cli2]]
version = "0.21.0"
backend = "npm:markdownlint-cli2"

[[tools.prek]]
version = "0.3.3"
backend = "aqua:j178/prek"

[tools.prek."platforms.linux-arm64"]
checksum = "sha256:02628a23f55a88620dcb8ba90987556c7e42ff9f9c7a4359afb1f2ac2884b620"
url = "https://github.com/j178/prek/releases/download/v0.3.3/prek-aarch64-unknown-linux-musl.tar.gz"

[tools.prek."platforms.linux-x64"]
checksum = "sha256:4967cead51c26313c9dfdad0d2cdedf52ccbfc3d5ebd5dfd61676c45668f3791"
url = "https://github.com/j178/prek/releases/download/v0.3.3/prek-x86_64-unknown-linux-musl.tar.gz"
provenance = "github-attestations"

[tools.prek."platforms.macos-arm64"]
checksum = "sha256:12c1e281d4d484eaa6d502804c6a8c77ab06f1fdd22c5fd46c02f87ae5f3c1af"
url = "https://github.com/j178/prek/releases/download/v0.3.3/prek-aarch64-apple-darwin.tar.gz"

[tools.prek."platforms.macos-x64"]
checksum = "sha256:0b65555d2bd2add6b24a1f2be51cfee6d0c837892560baf2c2163bdafafed338"
url = "https://github.com/j178/prek/releases/download/v0.3.3/prek-x86_64-apple-darwin.tar.gz"

[tools.prek."platforms.windows-x64"]
checksum = "sha256:c829796e1ddad21e82eef768cee01469880caff7b073a2f1c01073fe075d8ba7"
url = "https://github.com/j178/prek/releases/download/v0.3.3/prek-x86_64-pc-windows-msvc.zip"

[[tools.shellcheck]]
version = "0.11.0"
backend = "aqua:koalaman/shellcheck"

[tools.shellcheck."platforms.linux-arm64"]
checksum = "sha256:12b331c1d2db6b9eb13cfca64306b1b157a86eb69db83023e261eaa7e7c14588"
url = "https://github.com/koalaman/shellcheck/releases/download/v0.11.0/shellcheck-v0.11.0.linux.aarch64.tar.xz"

[tools.shellcheck."platforms.linux-x64"]
checksum = "sha256:8c3be12b05d5c177a04c29e3c78ce89ac86f1595681cab149b65b97c4e227198"
url = "https://github.com/koalaman/shellcheck/releases/download/v0.11.0/shellcheck-v0.11.0.linux.x86_64.tar.xz"

[tools.shellcheck."platforms.macos-arm64"]
checksum = "sha256:56affdd8de5527894dca6dc3d7e0a99a873b0f004d7aabc30ae407d3f48b0a79"
url = "https://github.com/koalaman/shellcheck/releases/download/v0.11.0/shellcheck-v0.11.0.darwin.aarch64.tar.xz"

[tools.shellcheck."platforms.macos-x64"]
checksum = "sha256:3c89db4edcab7cf1c27bff178882e0f6f27f7afdf54e859fa041fca10febe4c6"
url = "https://github.com/koalaman/shellcheck/releases/download/v0.11.0/shellcheck-v0.11.0.darwin.x86_64.tar.xz"

[tools.shellcheck."platforms.windows-x64"]
checksum = "sha256:8a4e35ab0b331c85d73567b12f2a444df187f483e5079ceffa6bda1faa2e740e"
url = "https://github.com/koalaman/shellcheck/releases/download/v0.11.0/shellcheck-v0.11.0.zip"

[[tools.shfmt]]
version = "3.12.0"
backend = "aqua:mvdan/sh"

[tools.shfmt."platforms.linux-arm64"]
checksum = "sha256:5f3fe3fa6a9f766e6a182ba79a94bef8afedafc57db0b1ad32b0f67fae971ba4"
url = "https://github.com/mvdan/sh/releases/download/v3.12.0/shfmt_v3.12.0_linux_arm64"

[tools.shfmt."platforms.linux-x64"]
checksum = "sha256:d9fbb2a9c33d13f47e7618cf362a914d029d02a6df124064fff04fd688a745ea"
url = "https://github.com/mvdan/sh/releases/download/v3.12.0/shfmt_v3.12.0_linux_amd64"

[tools.shfmt."platforms.macos-arm64"]
checksum = "sha256:d903802e0ce3ecbc82b98512f55ba370b0d37a93f3f78de394f5b657052b33dd"
url = "https://github.com/mvdan/sh/releases/download/v3.12.0/shfmt_v3.12.0_darwin_arm64"

[tools.shfmt."platforms.macos-x64"]
checksum = "sha256:c31548693de6584e6164b7ed5fbb7b4a083f2d937ca94b4e0ddf59aa461a85e4"
url = "https://github.com/mvdan/sh/releases/download/v3.12.0/shfmt_v3.12.0_darwin_amd64"

[tools.shfmt."platforms.windows-x64"]
checksum = "sha256:c8bda517ba1c640ce4a715c0fa665439ddbe4357ba5e9b77b0e51e70e2b9c94b"
url = "https://github.com/mvdan/sh/releases/download/v3.12.0/shfmt_v3.12.0_windows_amd64.exe"

[[tools.uv]]
version = "0.10.6"
backend = "aqua:astral-sh/uv"

[tools.uv."platforms.linux-arm64"]
checksum = "sha256:7de7aa836fd54ff930fa5e63bc04da35e2fbd72889d6258e153479c44d08b863"
url = "https://github.com/astral-sh/uv/releases/download/0.10.6/uv-aarch64-unknown-linux-musl.tar.gz"

[tools.uv."platforms.linux-x64"]
checksum = "sha256:01d6ce770da88ce6445acb0a8764c8b1634c9f69c728dca68b19fc7a893f72b9"
url = "https://github.com/astral-sh/uv/releases/download/0.10.6/uv-x86_64-unknown-linux-musl.tar.gz"
provenance = "github-attestations"

[tools.uv."platforms.macos-arm64"]
checksum = "sha256:3993249d8f51deaf34cfce037e57e294e82267ff1f9dc45b7983a17afaf065b4"
url = "https://github.com/astral-sh/uv/releases/download/0.10.6/uv-aarch64-apple-darwin.tar.gz"

[tools.uv."platforms.macos-x64"]
checksum = "sha256:d7647571fb17a5107d4d23cc190418039c157fd7361ddb59bc6f8127a49e3eac"
url = "https://github.com/astral-sh/uv/releases/download/0.10.6/uv-x86_64-apple-darwin.tar.gz"

[tools.uv."platforms.windows-x64"]
checksum = "sha256:b27eb789f281e398a82197477de727fc8faf08605152115686da2c3cba0d25f7"
url = "https://github.com/astral-sh/uv/releases/download/0.10.6/uv-x86_64-pc-windows-msvc.zip"
